
Microsoft Visual Studio Solution File, Format Version 12.00
# Visual Studio Version 16
VisualStudioVersion = 16.0.31005.135
MinimumVisualStudioVersion = 10.0.40219.1
Project("{FAE04EC0-301F-11D3-BF4B-00C04F79EFBC}") = "Vasilev4", "Vasilev4.csproj", "{DD26913D-07EC-432B-A87A-15E3AD1FDE9C}"
EndProject
Global
	GlobalSection(SolutionConfigurationPlatforms) = preSolution
		Debug|Any CPU = Debug|Any CPU
		Release|Any CPU = Release|Any CPU
	EndGlobalSection
	GlobalSection(ProjectConfigurationPlatforms) = postSolution
		{DD26913D-07EC-432B-A87A-15E3AD1FDE9C}.Debug|Any CPU.ActiveCfg = Debug|Any CPU
		{DD26913D-07EC-432B-A87A-15E3AD1FDE9C}.Debug|Any CPU.Build.0 = Debug|Any CPU
		{DD26913D-07EC-432B-A87A-15E3AD1FDE9C}.Release|Any CPU.ActiveCfg = Release|Any CPU
		{DD26913D-07EC-432B-A87A-15E3AD1FDE9C}.Release|Any CPU.Build.0 = Release|Any CPU
	EndGlobalSection
	GlobalSection(SolutionProperties) = preSolution
		HideSolutionNode = FALSE
	EndGlobalSection
	GlobalSection(ExtensibilityGlobals) = postSolution
		SolutionGuid = {5E5C6DE9-7488-44AE-B7C5-F767A7774ED8}
	EndGlobalSection
EndGlobal
